
Microsoft Visual Studio Solution File, Format Version 12.00
# Visual Studio Version 17
VisualStudioVersion = 17.3.32811.315
MinimumVisualStudioVersion = 10.0.40219.1
Project("{FAE04EC0-301F-11D3-BF4B-00C04F79EFBC}") = "Código 1", "Atividade 2\Código 1.csproj", "{705098E5-3DC6-41DF-8D66-8D84E160973F}"
EndProject
Project("{FAE04EC0-301F-11D3-BF4B-00C04F79EFBC}") = "código 2", "código 2\código 2.csproj", "{714F129D-C5AD-4A48-A04D-3014C56B9EA3}"
EndProject
Project("{FAE04EC0-301F-11D3-BF4B-00C04F79EFBC}") = "Código 3", "Código 3\Código 3.csproj", "{6819AE9D-0562-4341-AD63-4CA069F246CA}"
EndProject
Project("{FAE04EC0-301F-11D3-BF4B-00C04F79EFBC}") = "Código 4", "Código 4\Código 4.csproj", "{1AE1A55F-91AB-4D3F-A0F6-5D45E946F9CE}"
EndProject
Project("{FAE04EC0-301F-11D3-BF4B-00C04F79EFBC}") = "Código 5", "Código5\Código 5.csproj", "{CD09846E-30AF-4C83-85BD-CCFD968E12EA}"
EndProject
Project("{FAE04EC0-301F-11D3-BF4B-00C04F79EFBC}") = "Código 6", "Código 6\Código 6.csproj", "{E3F98E3B-C699-4FE5-AB8F-0634A26773BC}"
EndProject
Project("{FAE04EC0-301F-11D3-BF4B-00C04F79EFBC}") = "Código 7", "Código 7\Código 7.csproj", "{0CA65A43-5DC3-4441-8AC7-751700CAADB0}"
EndProject
Project("{FAE04EC0-301F-11D3-BF4B-00C04F79EFBC}") = "Código 8", "Código 8\Código 8.csproj", "{5FA694F7-7B07-4CEB-9CDB-619A9E808D49}"
EndProject
Project("{FAE04EC0-301F-11D3-BF4B-00C04F79EFBC}") = "Código 9", "Código 9\Código 9.csproj", "{A5187BD7-7F01-45A3-BAD3-02EC3FE92C3D}"
EndProject
Project("{FAE04EC0-301F-11D3-BF4B-00C04F79EFBC}") = "Código 10", "Código 10\Código 10.csproj", "{38F9ED3A-BBAC-4DAA-84A1-2F94FF22A233}"
EndProject
Project("{FAE04EC0-301F-11D3-BF4B-00C04F79EFBC}") = "Código 11", "Código 11\Código 11.csproj", "{CE29BD6E-789E-4A73-B58A-7EDE1A8A528D}"
EndProject
Project("{FAE04EC0-301F-11D3-BF4B-00C04F79EFBC}") = "Código 12", "Código 12\Código 12.csproj", "{81A51FD0-0D43-4E7D-8862-6D3D013AF37D}"
EndProject
Project("{FAE04EC0-301F-11D3-BF4B-00C04F79EFBC}") = "Código 13", "Código 13\Código 13.csproj", "{01566B94-F04E-4F37-B161-7BFC389E2961}"
EndProject
Project("{FAE04EC0-301F-11D3-BF4B-00C04F79EFBC}") = "Código 14", "Código 14\Código 14.csproj", "{DA5B064C-FCED-4151-819D-9FEEC462B299}"
EndProject
Project("{FAE04EC0-301F-11D3-BF4B-00C04F79EFBC}") = "Código 15", "Código 15\Código 15.csproj", "{33D49901-A594-406E-A9A9-85D74400F1D0}"
EndProject
Project("{FAE04EC0-301F-11D3-BF4B-00C04F79EFBC}") = "Código 16", "Código 16\Código 16.csproj", "{044C7499-608E-4966-8327-0085C6E71E1D}"
EndProject
Project("{FAE04EC0-301F-11D3-BF4B-00C04F79EFBC}") = "Código 17", "Código 17\Código 17.csproj", "{44015BB0-0AD1-4448-A7B7-A15B6224E523}"
EndProject
Project("{FAE04EC0-301F-11D3-BF4B-00C04F79EFBC}") = "Código 18", "Código 18\Código 18.csproj", "{91CFAC11-003B-4F48-8018-EF966D95C47D}"
EndProject
Project("{FAE04EC0-301F-11D3-BF4B-00C04F79EFBC}") = "Código 19", "Código 19\Código 19.csproj", "{B9081D6E-3C62-4E2D-8F69-D1320C2DF98D}"
EndProject
Project("{FAE04EC0-301F-11D3-BF4B-00C04F79EFBC}") = "Código 20", "Código 20\Código 20.csproj", "{101196AF-E736-4663-AE56-F1E831D1F554}"
EndProject
Project("{FAE04EC0-301F-11D3-BF4B-00C04F79EFBC}") = "Código 21", "Código 21\Código 21.csproj", "{E2168F5F-49FB-48CF-8E76-3E370DD4D6CC}"
EndProject
Project("{FAE04EC0-301F-11D3-BF4B-00C04F79EFBC}") = "Código 22", "Código 22\Código 22.csproj", "{1873D043-2C01-4292-AC9F-E04A2E1800A0}"
EndProject
Project("{FAE04EC0-301F-11D3-BF4B-00C04F79EFBC}") = "Código 23", "Código 23\Código 23.csproj", "{47716E83-4DA6-4AEE-8792-689EABD32B88}"
EndProject
Project("{FAE04EC0-301F-11D3-BF4B-00C04F79EFBC}") = "Código 24", "Código 24\Código 24.csproj", "{A5CB2337-1447-41C1-9227-F9E9B6E6D31B}"
EndProject
Project("{FAE04EC0-301F-11D3-BF4B-00C04F79EFBC}") = "Código 25", "Código 25\Código 25.csproj", "{4157C7AF-B06D-441C-9398-667AFDA66ADA}"
EndProject
Project("{FAE04EC0-301F-11D3-BF4B-00C04F79EFBC}") = "Código 26", "Código 26\Código 26.csproj", "{C9937804-3C02-4E2A-8CAC-B0FD42047B0A}"
EndProject
Project("{FAE04EC0-301F-11D3-BF4B-00C04F79EFBC}") = "Código 27", "Código 27\Código 27.csproj", "{826379EB-1C83-4A46-BD95-A8BE9431F98E}"
EndProject
Project("{FAE04EC0-301F-11D3-BF4B-00C04F79EFBC}") = "Código 28", "Código 28\Código 28.csproj", "{82AA4880-4648-4CD5-BD3C-52FA821003C5}"
EndProject
Project("{FAE04EC0-301F-11D3-BF4B-00C04F79EFBC}") = "Código 29", "Código 29\Código 29.csproj", "{112F131D-8F6F-492D-BE5E-06243C3F98C8}"
EndProject
Project("{FAE04EC0-301F-11D3-BF4B-00C04F79EFBC}") = "Código 31", "Código 30\Código 31.csproj", "{36198462-DC53-487B-A5DA-06FA452E2E86}"
EndProject
Project("{FAE04EC0-301F-11D3-BF4B-00C04F79EFBC}") = "Código 30", "Código 30\Código 30.csproj", "{20269BE3-8200-4E11-A434-DF3B26DC1AC7}"
EndProject
Project("{FAE04EC0-301F-11D3-BF4B-00C04F79EFBC}") = "Código 32", "Código 32\Código 32.csproj", "{B22D555C-915D-4EEA-A85F-69BD2390F403}"
EndProject
Project("{FAE04EC0-301F-11D3-BF4B-00C04F79EFBC}") = "Código 33", "Código 33\Código 33.csproj", "{D370BEBF-FC45-4A43-9894-A0EFB17C02BC}"
EndProject
Project("{FAE04EC0-301F-11D3-BF4B-00C04F79EFBC}") = "Código 34", "Código 34\Código 34.csproj", "{6157A633-C55A-4079-B564-515F038F94AC}"
EndProject
Project("{FAE04EC0-301F-11D3-BF4B-00C04F79EFBC}") = "Código 35", "Código 35\Código 35.csproj", "{B3BEEFAE-1948-41CE-8AB1-D7CE290931A4}"
EndProject
Project("{FAE04EC0-301F-11D3-BF4B-00C04F79EFBC}") = "Código 36", "Código 36\Código 36.csproj", "{725087D7-1EE7-4514-B360-8F448274384E}"
EndProject
Project("{FAE04EC0-301F-11D3-BF4B-00C04F79EFBC}") = "Código 37", "Código 37\Código 37.csproj", "{65E2CE64-B57A-448A-8538-A6CB0C50CAEE}"
EndProject
Project("{FAE04EC0-301F-11D3-BF4B-00C04F79EFBC}") = "Código 38", "Código 38\Código 38.csproj", "{41C930CB-524F-4555-A177-A584C6C64E6C}"
EndProject
Project("{FAE04EC0-301F-11D3-BF4B-00C04F79EFBC}") = "Código 39", "Código 39\Código 39.csproj", "{C9730490-1C05-476C-A29D-20C7D4CD44F9}"
EndProject
Project("{FAE04EC0-301F-11D3-BF4B-00C04F79EFBC}") = "Código 40", "Código 40\Código 40.csproj", "{BDFE92FD-F0A5-4BE4-A3FF-BEE9884494F3}"
EndProject
Project("{FAE04EC0-301F-11D3-BF4B-00C04F79EFBC}") = "Código 41", "Código 41\Código 41.csproj", "{7C0B9280-A10B-41B2-B3CB-C6DB04B70639}"
EndProject
Project("{FAE04EC0-301F-11D3-BF4B-00C04F79EFBC}") = "Código 42", "Código 42\Código 42.csproj", "{90219432-8566-439B-8F90-86FA07820E8D}"
EndProject
Project("{FAE04EC0-301F-11D3-BF4B-00C04F79EFBC}") = "Código 43", "Código 43\Código 43.csproj", "{CF2CDBDB-AF6B-408A-907F-7CFB02F3F6B2}"
EndProject
Project("{FAE04EC0-301F-11D3-BF4B-00C04F79EFBC}") = "Código 44", "Código 44\Código 44.csproj", "{32E5CEBA-9E90-44C3-8DE3-C4EB434CC12C}"
EndProject
Project("{FAE04EC0-301F-11D3-BF4B-00C04F79EFBC}") = "Código 45", "Código 45\Código 45.csproj", "{8D7F3E43-1CB6-4158-8342-39B0048DA754}"
EndProject
Project("{FAE04EC0-301F-11D3-BF4B-00C04F79EFBC}") = "Código 46", "Código 46\Código 46.csproj", "{5B5A865C-90A1-4ADA-A875-1717923BBE7D}"
EndProject
Project("{FAE04EC0-301F-11D3-BF4B-00C04F79EFBC}") = "Código 47", "Código 47\Código 47.csproj", "{3354FE48-D482-41E8-B1B1-7AEF9FE3F229}"
EndProject
Project("{FAE04EC0-301F-11D3-BF4B-00C04F79EFBC}") = "Código 48", "Código 48\Código 48.csproj", "{70BDC53B-28B7-4EC9-BD87-665999DAF387}"
EndProject
Project("{FAE04EC0-301F-11D3-BF4B-00C04F79EFBC}") = "Código 49", "Código 49\Código 49.csproj", "{96C16FD2-93C6-4721-B3B4-8369C2A25AA5}"
EndProject
Project("{FAE04EC0-301F-11D3-BF4B-00C04F79EFBC}") = "Código 50", "Código 50\Código 50.csproj", "{E19594BC-860A-4A51-B43A-98DD4F7B849E}"
EndProject
Project("{FAE04EC0-301F-11D3-BF4B-00C04F79EFBC}") = "Código 51", "Código 51\Código 51.csproj", "{35F91485-D421-4A61-9449-E0B47777F8B3}"
EndProject
Project("{FAE04EC0-301F-11D3-BF4B-00C04F79EFBC}") = "Código 52", "Código 52\Código 52.csproj", "{F0AE173B-5BE4-404F-9138-D144A90913F6}"
EndProject
Project("{FAE04EC0-301F-11D3-BF4B-00C04F79EFBC}") = "Código 53", "Código 53\Código 53.csproj", "{0569022A-A042-4E1C-AB7D-6844B630D7B0}"
EndProject
Project("{FAE04EC0-301F-11D3-BF4B-00C04F79EFBC}") = "Código 54", "Código 54\Código 54.csproj", "{4579B8C0-F6D8-406C-AB06-44330381276B}"
EndProject
Project("{FAE04EC0-301F-11D3-BF4B-00C04F79EFBC}") = "Código 55", "Código 55\Código 55.csproj", "{72835E7E-BE45-4C3E-A197-D98F47179C7E}"
EndProject
Project("{FAE04EC0-301F-11D3-BF4B-00C04F79EFBC}") = "Código 56", "Código 56\Código 56.csproj", "{209C132E-9015-4F41-A130-FE889E26CA7B}"
EndProject
Project("{FAE04EC0-301F-11D3-BF4B-00C04F79EFBC}") = "Código 57", "Código 57\Código 57.csproj", "{3551F947-5C01-41B4-ADE6-29E7746338CB}"
EndProject
Project("{FAE04EC0-301F-11D3-BF4B-00C04F79EFBC}") = "Código 58", "Código 58\Código 58.csproj", "{9FB4738D-792F-4DD3-A830-17369BC24E04}"
EndProject
Project("{FAE04EC0-301F-11D3-BF4B-00C04F79EFBC}") = "Código 60", "Código 59\Código 60.csproj", "{EF4DF123-3D5E-4C68-A912-719279BAFA57}"
EndProject
Project("{FAE04EC0-301F-11D3-BF4B-00C04F79EFBC}") = "Código 61", "Código 61\Código 61.csproj", "{80D077F0-2364-4EF2-BAD5-A84DB200B3B4}"
EndProject
Project("{FAE04EC0-301F-11D3-BF4B-00C04F79EFBC}") = "Código 62", "Código 62\Código 62.csproj", "{AA2D0061-D58E-4CB5-8AB7-93F2835DC7CC}"
EndProject
Project("{FAE04EC0-301F-11D3-BF4B-00C04F79EFBC}") = "Código 63", "Código 63\Código 63.csproj", "{1D753FA3-BD21-40E4-8108-63FA4010A242}"
EndProject
Project("{FAE04EC0-301F-11D3-BF4B-00C04F79EFBC}") = "Código 64", "Código 64\Código 64.csproj", "{B0B4152E-C55B-43F1-9821-994B1F599568}"
EndProject
Project("{FAE04EC0-301F-11D3-BF4B-00C04F79EFBC}") = "Código 59", "Código 59\Código 59.csproj", "{260105AD-1608-4AA4-8777-E959B5CBB628}"
EndProject
Global
	GlobalSection(SolutionConfigurationPlatforms) = preSolution
		Debug|Any CPU = Debug|Any CPU
		Release|Any CPU = Release|Any CPU
	EndGlobalSection
	GlobalSection(ProjectConfigurationPlatforms) = postSolution
		{705098E5-3DC6-41DF-8D66-8D84E160973F}.Debug|Any CPU.ActiveCfg = Debug|Any CPU
		{705098E5-3DC6-41DF-8D66-8D84E160973F}.Debug|Any CPU.Build.0 = Debug|Any CPU
		{705098E5-3DC6-41DF-8D66-8D84E160973F}.Release|Any CPU.ActiveCfg = Release|Any CPU
		{705098E5-3DC6-41DF-8D66-8D84E160973F}.Release|Any CPU.Build.0 = Release|Any CPU
		{714F129D-C5AD-4A48-A04D-3014C56B9EA3}.Debug|Any CPU.ActiveCfg = Debug|Any CPU
		{714F129D-C5AD-4A48-A04D-3014C56B9EA3}.Debug|Any CPU.Build.0 = Debug|Any CPU
		{714F129D-C5AD-4A48-A04D-3014C56B9EA3}.Release|Any CPU.ActiveCfg = Release|Any CPU
		{714F129D-C5AD-4A48-A04D-3014C56B9EA3}.Release|Any CPU.Build.0 = Release|Any CPU
		{6819AE9D-0562-4341-AD63-4CA069F246CA}.Debug|Any CPU.ActiveCfg = Debug|Any CPU
		{6819AE9D-0562-4341-AD63-4CA069F246CA}.Debug|Any CPU.Build.0 = Debug|Any CPU
		{6819AE9D-0562-4341-AD63-4CA069F246CA}.Release|Any CPU.ActiveCfg = Release|Any CPU
		{6819AE9D-0562-4341-AD63-4CA069F246CA}.Release|Any CPU.Build.0 = Release|Any CPU
		{1AE1A55F-91AB-4D3F-A0F6-5D45E946F9CE}.Debug|Any CPU.ActiveCfg = Debug|Any CPU
		{1AE1A55F-91AB-4D3F-A0F6-5D45E946F9CE}.Debug|Any CPU.Build.0 = Debug|Any CPU
		{1AE1A55F-91AB-4D3F-A0F6-5D45E946F9CE}.Release|Any CPU.ActiveCfg = Release|Any CPU
		{1AE1A55F-91AB-4D3F-A0F6-5D45E946F9CE}.Release|Any CPU.Build.0 = Release|Any CPU
		{CD09846E-30AF-4C83-85BD-CCFD968E12EA}.Debug|Any CPU.ActiveCfg = Debug|Any CPU
		{CD09846E-30AF-4C83-85BD-CCFD968E12EA}.Debug|Any CPU.Build.0 = Debug|Any CPU
		{CD09846E-30AF-4C83-85BD-CCFD968E12EA}.Release|Any CPU.ActiveCfg = Release|Any CPU
		{CD09846E-30AF-4C83-85BD-CCFD968E12EA}.Release|Any CPU.Build.0 = Release|Any CPU
		{E3F98E3B-C699-4FE5-AB8F-0634A26773BC}.Debug|Any CPU.ActiveCfg = Debug|Any CPU
		{E3F98E3B-C699-4FE5-AB8F-0634A26773BC}.Debug|Any CPU.Build.0 = Debug|Any CPU
		{E3F98E3B-C699-4FE5-AB8F-0634A26773BC}.Release|Any CPU.ActiveCfg = Release|Any CPU
		{E3F98E3B-C699-4FE5-AB8F-0634A26773BC}.Release|Any CPU.Build.0 = Release|Any CPU
		{0CA65A43-5DC3-4441-8AC7-751700CAADB0}.Debug|Any CPU.ActiveCfg = Debug|Any CPU
		{0CA65A43-5DC3-4441-8AC7-751700CAADB0}.Debug|Any CPU.Build.0 = Debug|Any CPU
		{0CA65A43-5DC3-4441-8AC7-751700CAADB0}.Release|Any CPU.ActiveCfg = Release|Any CPU
		{0CA65A43-5DC3-4441-8AC7-751700CAADB0}.Release|Any CPU.Build.0 = Release|Any CPU
		{5FA694F7-7B07-4CEB-9CDB-619A9E808D49}.Debug|Any CPU.ActiveCfg = Debug|Any CPU
		{5FA694F7-7B07-4CEB-9CDB-619A9E808D49}.Debug|Any CPU.Build.0 = Debug|Any CPU
		{5FA694F7-7B07-4CEB-9CDB-619A9E808D49}.Release|Any CPU.ActiveCfg = Release|Any CPU
		{5FA694F7-7B07-4CEB-9CDB-619A9E808D49}.Release|Any CPU.Build.0 = Release|Any CPU
		{A5187BD7-7F01-45A3-BAD3-02EC3FE92C3D}.Debug|Any CPU.ActiveCfg = Debug|Any CPU
		{A5187BD7-7F01-45A3-BAD3-02EC3FE92C3D}.Debug|Any CPU.Build.0 = Debug|Any CPU
		{A5187BD7-7F01-45A3-BAD3-02EC3FE92C3D}.Release|Any CPU.ActiveCfg = Release|Any CPU
		{A5187BD7-7F01-45A3-BAD3-02EC3FE92C3D}.Release|Any CPU.Build.0 = Release|Any CPU
		{38F9ED3A-BBAC-4DAA-84A1-2F94FF22A233}.Debug|Any CPU.ActiveCfg = Debug|Any CPU
		{38F9ED3A-BBAC-4DAA-84A1-2F94FF22A233}.Debug|Any CPU.Build.0 = Debug|Any CPU
		{38F9ED3A-BBAC-4DAA-84A1-2F94FF22A233}.Release|Any CPU.ActiveCfg = Release|Any CPU
		{38F9ED3A-BBAC-4DAA-84A1-2F94FF22A233}.Release|Any CPU.Build.0 = Release|Any CPU
		{CE29BD6E-789E-4A73-B58A-7EDE1A8A528D}.Debug|Any CPU.ActiveCfg = Debug|Any CPU
		{CE29BD6E-789E-4A73-B58A-7EDE1A8A528D}.Debug|Any CPU.Build.0 = Debug|Any CPU
		{CE29BD6E-789E-4A73-B58A-7EDE1A8A528D}.Release|Any CPU.ActiveCfg = Release|Any CPU
		{CE29BD6E-789E-4A73-B58A-7EDE1A8A528D}.Release|Any CPU.Build.0 = Release|Any CPU
		{81A51FD0-0D43-4E7D-8862-6D3D013AF37D}.Debug|Any CPU.ActiveCfg = Debug|Any CPU
		{81A51FD0-0D43-4E7D-8862-6D3D013AF37D}.Debug|Any CPU.Build.0 = Debug|Any CPU
		{81A51FD0-0D43-4E7D-8862-6D3D013AF37D}.Release|Any CPU.ActiveCfg = Release|Any CPU
		{81A51FD0-0D43-4E7D-8862-6D3D013AF37D}.Release|Any CPU.Build.0 = Release|Any CPU
		{01566B94-F04E-4F37-B161-7BFC389E2961}.Debug|Any CPU.ActiveCfg = Debug|Any CPU
		{01566B94-F04E-4F37-B161-7BFC389E2961}.Debug|Any CPU.Build.0 = Debug|Any CPU
		{01566B94-F04E-4F37-B161-7BFC389E2961}.Release|Any CPU.ActiveCfg = Release|Any CPU
		{01566B94-F04E-4F37-B161-7BFC389E2961}.Release|Any CPU.Build.0 = Release|Any CPU
		{DA5B064C-FCED-4151-819D-9FEEC462B299}.Debug|Any CPU.ActiveCfg = Debug|Any CPU
		{DA5B064C-FCED-4151-819D-9FEEC462B299}.Debug|Any CPU.Build.0 = Debug|Any CPU
		{DA5B064C-FCED-4151-819D-9FEEC462B299}.Release|Any CPU.ActiveCfg = Release|Any CPU
		{DA5B064C-FCED-4151-819D-9FEEC462B299}.Release|Any CPU.Build.0 = Release|Any CPU
		{33D49901-A594-406E-A9A9-85D74400F1D0}.Debug|Any CPU.ActiveCfg = Debug|Any CPU
		{33D49901-A594-406E-A9A9-85D74400F1D0}.Debug|Any CPU.Build.0 = Debug|Any CPU
		{33D49901-A594-406E-A9A9-85D74400F1D0}.Release|Any CPU.ActiveCfg = Release|Any CPU
		{33D49901-A594-406E-A9A9-85D74400F1D0}.Release|Any CPU.Build.0 = Release|Any CPU
		{044C7499-608E-4966-8327-0085C6E71E1D}.Debug|Any CPU.ActiveCfg = Debug|Any CPU
		{044C7499-608E-4966-8327-0085C6E71E1D}.Debug|Any CPU.Build.0 = Debug|Any CPU
		{044C7499-608E-4966-8327-0085C6E71E1D}.Release|Any CPU.ActiveCfg = Release|Any CPU
		{044C7499-608E-4966-8327-0085C6E71E1D}.Release|Any CPU.Build.0 = Release|Any CPU
		{44015BB0-0AD1-4448-A7B7-A15B6224E523}.Debug|Any CPU.ActiveCfg = Debug|Any CPU
		{44015BB0-0AD1-4448-A7B7-A15B6224E523}.Debug|Any CPU.Build.0 = Debug|Any CPU
		{44015BB0-0AD1-4448-A7B7-A15B6224E523}.Release|Any CPU.ActiveCfg = Release|Any CPU
		{44015BB0-0AD1-4448-A7B7-A15B6224E523}.Release|Any CPU.Build.0 = Release|Any CPU
		{91CFAC11-003B-4F48-8018-EF966D95C47D}.Debug|Any CPU.ActiveCfg = Debug|Any CPU
		{91CFAC11-003B-4F48-8018-EF966D95C47D}.Debug|Any CPU.Build.0 = Debug|Any CPU
		{91CFAC11-003B-4F48-8018-EF966D95C47D}.Release|Any CPU.ActiveCfg = Release|Any CPU
		{91CFAC11-003B-4F48-8018-EF966D95C47D}.Release|Any CPU.Build.0 = Release|Any CPU
		{B9081D6E-3C62-4E2D-8F69-D1320C2DF98D}.Debug|Any CPU.ActiveCfg = Debug|Any CPU
		{B9081D6E-3C62-4E2D-8F69-D1320C2DF98D}.Debug|Any CPU.Build.0 = Debug|Any CPU
		{B9081D6E-3C62-4E2D-8F69-D1320C2DF98D}.Release|Any CPU.ActiveCfg = Release|Any CPU
		{B9081D6E-3C62-4E2D-8F69-D1320C2DF98D}.Release|Any CPU.Build.0 = Release|Any CPU
		{101196AF-E736-4663-AE56-F1E831D1F554}.Debug|Any CPU.ActiveCfg = Debug|Any CPU
		{101196AF-E736-4663-AE56-F1E831D1F554}.Debug|Any CPU.Build.0 = Debug|Any CPU
		{101196AF-E736-4663-AE56-F1E831D1F554}.Release|Any CPU.ActiveCfg = Release|Any CPU
		{101196AF-E736-4663-AE56-F1E831D1F554}.Release|Any CPU.Build.0 = Release|Any CPU
		{E2168F5F-49FB-48CF-8E76-3E370DD4D6CC}.Debug|Any CPU.ActiveCfg = Debug|Any CPU
		{E2168F5F-49FB-48CF-8E76-3E370DD4D6CC}.Debug|Any CPU.Build.0 = Debug|Any CPU
		{E2168F5F-49FB-48CF-8E76-3E370DD4D6CC}.Release|Any CPU.ActiveCfg = Release|Any CPU
		{E2168F5F-49FB-48CF-8E76-3E370DD4D6CC}.Release|Any CPU.Build.0 = Release|Any CPU
		{1873D043-2C01-4292-AC9F-E04A2E1800A0}.Debug|Any CPU.ActiveCfg = Debug|Any CPU
		{1873D043-2C01-4292-AC9F-E04A2E1800A0}.Debug|Any CPU.Build.0 = Debug|Any CPU
		{1873D043-2C01-4292-AC9F-E04A2E1800A0}.Release|Any CPU.ActiveCfg = Release|Any CPU
		{1873D043-2C01-4292-AC9F-E04A2E1800A0}.Release|Any CPU.Build.0 = Release|Any CPU
		{47716E83-4DA6-4AEE-8792-689EABD32B88}.Debug|Any CPU.ActiveCfg = Debug|Any CPU
		{47716E83-4DA6-4AEE-8792-689EABD32B88}.Debug|Any CPU.Build.0 = Debug|Any CPU
		{47716E83-4DA6-4AEE-8792-689EABD32B88}.Release|Any CPU.ActiveCfg = Release|Any CPU
		{47716E83-4DA6-4AEE-8792-689EABD32B88}.Release|Any CPU.Build.0 = Release|Any CPU
		{A5CB2337-1447-41C1-9227-F9E9B6E6D31B}.Debug|Any CPU.ActiveCfg = Debug|Any CPU
		{A5CB2337-1447-41C1-9227-F9E9B6E6D31B}.Debug|Any CPU.Build.0 = Debug|Any CPU
		{A5CB2337-1447-41C1-9227-F9E9B6E6D31B}.Release|Any CPU.ActiveCfg = Release|Any CPU
		{A5CB2337-1447-41C1-9227-F9E9B6E6D31B}.Release|Any CPU.Build.0 = Release|Any CPU
		{4157C7AF-B06D-441C-9398-667AFDA66ADA}.Debug|Any CPU.ActiveCfg = Debug|Any CPU
		{4157C7AF-B06D-441C-9398-667AFDA66ADA}.Debug|Any CPU.Build.0 = Debug|Any CPU
		{4157C7AF-B06D-441C-9398-667AFDA66ADA}.Release|Any CPU.ActiveCfg = Release|Any CPU
		{4157C7AF-B06D-441C-9398-667AFDA66ADA}.Release|Any CPU.Build.0 = Release|Any CPU
		{C9937804-3C02-4E2A-8CAC-B0FD42047B0A}.Debug|Any CPU.ActiveCfg = Debug|Any CPU
		{C9937804-3C02-4E2A-8CAC-B0FD42047B0A}.Debug|Any CPU.Build.0 = Debug|Any CPU
		{C9937804-3C02-4E2A-8CAC-B0FD42047B0A}.Release|Any CPU.ActiveCfg = Release|Any CPU
		{C9937804-3C02-4E2A-8CAC-B0FD42047B0A}.Release|Any CPU.Build.0 = Release|Any CPU
		{826379EB-1C83-4A46-BD95-A8BE9431F98E}.Debug|Any CPU.ActiveCfg = Debug|Any CPU
		{826379EB-1C83-4A46-BD95-A8BE9431F98E}.Debug|Any CPU.Build.0 = Debug|Any CPU
		{826379EB-1C83-4A46-BD95-A8BE9431F98E}.Release|Any CPU.ActiveCfg = Release|Any CPU
		{826379EB-1C83-4A46-BD95-A8BE9431F98E}.Release|Any CPU.Build.0 = Release|Any CPU
		{82AA4880-4648-4CD5-BD3C-52FA821003C5}.Debug|Any CPU.ActiveCfg = Debug|Any CPU
		{82AA4880-4648-4CD5-BD3C-52FA821003C5}.Debug|Any CPU.Build.0 = Debug|Any CPU
		{82AA4880-4648-4CD5-BD3C-52FA821003C5}.Release|Any CPU.ActiveCfg = Release|Any CPU
		{82AA4880-4648-4CD5-BD3C-52FA821003C5}.Release|Any CPU.Build.0 = Release|Any CPU
		{112F131D-8F6F-492D-BE5E-06243C3F98C8}.Debug|Any CPU.ActiveCfg = Debug|Any CPU
		{112F131D-8F6F-492D-BE5E-06243C3F98C8}.Debug|Any CPU.Build.0 = Debug|Any CPU
		{112F131D-8F6F-492D-BE5E-06243C3F98C8}.Release|Any CPU.ActiveCfg = Release|Any CPU
		{112F131D-8F6F-492D-BE5E-06243C3F98C8}.Release|Any CPU.Build.0 = Release|Any CPU
		{36198462-DC53-487B-A5DA-06FA452E2E86}.Debug|Any CPU.ActiveCfg = Debug|Any CPU
		{36198462-DC53-487B-A5DA-06FA452E2E86}.Debug|Any CPU.Build.0 = Debug|Any CPU
		{36198462-DC53-487B-A5DA-06FA452E2E86}.Release|Any CPU.ActiveCfg = Release|Any CPU
		{36198462-DC53-487B-A5DA-06FA452E2E86}.Release|Any CPU.Build.0 = Release|Any CPU
		{20269BE3-8200-4E11-A434-DF3B26DC1AC7}.Debug|Any CPU.ActiveCfg = Debug|Any CPU
		{20269BE3-8200-4E11-A434-DF3B26DC1AC7}.Debug|Any CPU.Build.0 = Debug|Any CPU
		{20269BE3-8200-4E11-A434-DF3B26DC1AC7}.Release|Any CPU.ActiveCfg = Release|Any CPU
		{20269BE3-8200-4E11-A434-DF3B26DC1AC7}.Release|Any CPU.Build.0 = Release|Any CPU
		{B22D555C-915D-4EEA-A85F-69BD2390F403}.Debug|Any CPU.ActiveCfg = Debug|Any CPU
		{B22D555C-915D-4EEA-A85F-69BD2390F403}.Debug|Any CPU.Build.0 = Debug|Any CPU
		{B22D555C-915D-4EEA-A85F-69BD2390F403}.Release|Any CPU.ActiveCfg = Release|Any CPU
		{B22D555C-915D-4EEA-A85F-69BD2390F403}.Release|Any CPU.Build.0 = Release|Any CPU
		{D370BEBF-FC45-4A43-9894-A0EFB17C02BC}.Debug|Any CPU.ActiveCfg = Debug|Any CPU
		{D370BEBF-FC45-4A43-9894-A0EFB17C02BC}.Debug|Any CPU.Build.0 = Debug|Any CPU
		{D370BEBF-FC45-4A43-9894-A0EFB17C02BC}.Release|Any CPU.ActiveCfg = Release|Any CPU
		{D370BEBF-FC45-4A43-9894-A0EFB17C02BC}.Release|Any CPU.Build.0 = Release|Any CPU
		{6157A633-C55A-4079-B564-515F038F94AC}.Debug|Any CPU.ActiveCfg = Debug|Any CPU
		{6157A633-C55A-4079-B564-515F038F94AC}.Debug|Any CPU.Build.0 = Debug|Any CPU
		{6157A633-C55A-4079-B564-515F038F94AC}.Release|Any CPU.ActiveCfg = Release|Any CPU
		{6157A633-C55A-4079-B564-515F038F94AC}.Release|Any CPU.Build.0 = Release|Any CPU
		{B3BEEFAE-1948-41CE-8AB1-D7CE290931A4}.Debug|Any CPU.ActiveCfg = Debug|Any CPU
		{B3BEEFAE-1948-41CE-8AB1-D7CE290931A4}.Debug|Any CPU.Build.0 = Debug|Any CPU
		{B3BEEFAE-1948-41CE-8AB1-D7CE290931A4}.Release|Any CPU.ActiveCfg = Release|Any CPU
		{B3BEEFAE-1948-41CE-8AB1-D7CE290931A4}.Release|Any CPU.Build.0 = Release|Any CPU
		{725087D7-1EE7-4514-B360-8F448274384E}.Debug|Any CPU.ActiveCfg = Debug|Any CPU
		{725087D7-1EE7-4514-B360-8F448274384E}.Debug|Any CPU.Build.0 = Debug|Any CPU
		{725087D7-1EE7-4514-B360-8F448274384E}.Release|Any CPU.ActiveCfg = Release|Any CPU
		{725087D7-1EE7-4514-B360-8F448274384E}.Release|Any CPU.Build.0 = Release|Any CPU
		{65E2CE64-B57A-448A-8538-A6CB0C50CAEE}.Debug|Any CPU.ActiveCfg = Debug|Any CPU
		{65E2CE64-B57A-448A-8538-A6CB0C50CAEE}.Debug|Any CPU.Build.0 = Debug|Any CPU
		{65E2CE64-B57A-448A-8538-A6CB0C50CAEE}.Release|Any CPU.ActiveCfg = Release|Any CPU
		{65E2CE64-B57A-448A-8538-A6CB0C50CAEE}.Release|Any CPU.Build.0 = Release|Any CPU
		{41C930CB-524F-4555-A177-A584C6C64E6C}.Debug|Any CPU.ActiveCfg = Debug|Any CPU
		{41C930CB-524F-4555-A177-A584C6C64E6C}.Debug|Any CPU.Build.0 = Debug|Any CPU
		{41C930CB-524F-4555-A177-A584C6C64E6C}.Release|Any CPU.ActiveCfg = Release|Any CPU
		{41C930CB-524F-4555-A177-A584C6C64E6C}.Release|Any CPU.Build.0 = Release|Any CPU
		{C9730490-1C05-476C-A29D-20C7D4CD44F9}.Debug|Any CPU.ActiveCfg = Debug|Any CPU
		{C9730490-1C05-476C-A29D-20C7D4CD44F9}.Debug|Any CPU.Build.0 = Debug|Any CPU
		{C9730490-1C05-476C-A29D-20C7D4CD44F9}.Release|Any CPU.ActiveCfg = Release|Any CPU
		{C9730490-1C05-476C-A29D-20C7D4CD44F9}.Release|Any CPU.Build.0 = Release|Any CPU
		{BDFE92FD-F0A5-4BE4-A3FF-BEE9884494F3}.Debug|Any CPU.ActiveCfg = Debug|Any CPU
		{BDFE92FD-F0A5-4BE4-A3FF-BEE9884494F3}.Debug|Any CPU.Build.0 = Debug|Any CPU
		{BDFE92FD-F0A5-4BE4-A3FF-BEE9884494F3}.Release|Any CPU.ActiveCfg = Release|Any CPU
		{BDFE92FD-F0A5-4BE4-A3FF-BEE9884494F3}.Release|Any CPU.Build.0 = Release|Any CPU
		{7C0B9280-A10B-41B2-B3CB-C6DB04B70639}.Debug|Any CPU.ActiveCfg = Debug|Any CPU
		{7C0B9280-A10B-41B2-B3CB-C6DB04B70639}.Debug|Any CPU.Build.0 = Debug|Any CPU
		{7C0B9280-A10B-41B2-B3CB-C6DB04B70639}.Release|Any CPU.ActiveCfg = Release|Any CPU
		{7C0B9280-A10B-41B2-B3CB-C6DB04B70639}.Release|Any CPU.Build.0 = Release|Any CPU
		{90219432-8566-439B-8F90-86FA07820E8D}.Debug|Any CPU.ActiveCfg = Debug|Any CPU
		{90219432-8566-439B-8F90-86FA07820E8D}.Debug|Any CPU.Build.0 = Debug|Any CPU
		{90219432-8566-439B-8F90-86FA07820E8D}.Release|Any CPU.ActiveCfg = Release|Any CPU
		{90219432-8566-439B-8F90-86FA07820E8D}.Release|Any CPU.Build.0 = Release|Any CPU
		{CF2CDBDB-AF6B-408A-907F-7CFB02F3F6B2}.Debug|Any CPU.ActiveCfg = Debug|Any CPU
		{CF2CDBDB-AF6B-408A-907F-7CFB02F3F6B2}.Debug|Any CPU.Build.0 = Debug|Any CPU
		{CF2CDBDB-AF6B-408A-907F-7CFB02F3F6B2}.Release|Any CPU.ActiveCfg = Release|Any CPU
		{CF2CDBDB-AF6B-408A-907F-7CFB02F3F6B2}.Release|Any CPU.Build.0 = Release|Any CPU
		{32E5CEBA-9E90-44C3-8DE3-C4EB434CC12C}.Debug|Any CPU.ActiveCfg = Debug|Any CPU
		{32E5CEBA-9E90-44C3-8DE3-C4EB434CC12C}.Debug|Any CPU.Build.0 = Debug|Any CPU
		{32E5CEBA-9E90-44C3-8DE3-C4EB434CC12C}.Release|Any CPU.ActiveCfg = Release|Any CPU
		{32E5CEBA-9E90-44C3-8DE3-C4EB434CC12C}.Release|Any CPU.Build.0 = Release|Any CPU
		{8D7F3E43-1CB6-4158-8342-39B0048DA754}.Debug|Any CPU.ActiveCfg = Debug|Any CPU
		{8D7F3E43-1CB6-4158-8342-39B0048DA754}.Debug|Any CPU.Build.0 = Debug|Any CPU
		{8D7F3E43-1CB6-4158-8342-39B0048DA754}.Release|Any CPU.ActiveCfg = Release|Any CPU
		{8D7F3E43-1CB6-4158-8342-39B0048DA754}.Release|Any CPU.Build.0 = Release|Any CPU
		{5B5A865C-90A1-4ADA-A875-1717923BBE7D}.Debug|Any CPU.ActiveCfg = Debug|Any CPU
		{5B5A865C-90A1-4ADA-A875-1717923BBE7D}.Debug|Any CPU.Build.0 = Debug|Any CPU
		{5B5A865C-90A1-4ADA-A875-1717923BBE7D}.Release|Any CPU.ActiveCfg = Release|Any CPU
		{5B5A865C-90A1-4ADA-A875-1717923BBE7D}.Release|Any CPU.Build.0 = Release|Any CPU
		{3354FE48-D482-41E8-B1B1-7AEF9FE3F229}.Debug|Any CPU.ActiveCfg = Debug|Any CPU
		{3354FE48-D482-41E8-B1B1-7AEF9FE3F229}.Debug|Any CPU.Build.0 = Debug|Any CPU
		{3354FE48-D482-41E8-B1B1-7AEF9FE3F229}.Release|Any CPU.ActiveCfg = Release|Any CPU
		{3354FE48-D482-41E8-B1B1-7AEF9FE3F229}.Release|Any CPU.Build.0 = Release|Any CPU
		{70BDC53B-28B7-4EC9-BD87-665999DAF387}.Debug|Any CPU.ActiveCfg = Debug|Any CPU
		{70BDC53B-28B7-4EC9-BD87-665999DAF387}.Debug|Any CPU.Build.0 = Debug|Any CPU
		{70BDC53B-28B7-4EC9-BD87-665999DAF387}.Release|Any CPU.ActiveCfg = Release|Any CPU
		{70BDC53B-28B7-4EC9-BD87-665999DAF387}.Release|Any CPU.Build.0 = Release|Any CPU
		{96C16FD2-93C6-4721-B3B4-8369C2A25AA5}.Debug|Any CPU.ActiveCfg = Debug|Any CPU
		{96C16FD2-93C6-4721-B3B4-8369C2A25AA5}.Debug|Any CPU.Build.0 = Debug|Any CPU
		{96C16FD2-93C6-4721-B3B4-8369C2A25AA5}.Release|Any CPU.ActiveCfg = Release|Any CPU
		{96C16FD2-93C6-4721-B3B4-8369C2A25AA5}.Release|Any CPU.Build.0 = Release|Any CPU
		{E19594BC-860A-4A51-B43A-98DD4F7B849E}.Debug|Any CPU.ActiveCfg = Debug|Any CPU
		{E19594BC-860A-4A51-B43A-98DD4F7B849E}.Debug|Any CPU.Build.0 = Debug|Any CPU
		{E19594BC-860A-4A51-B43A-98DD4F7B849E}.Release|Any CPU.ActiveCfg = Release|Any CPU
		{E19594BC-860A-4A51-B43A-98DD4F7B849E}.Release|Any CPU.Build.0 = Release|Any CPU
		{35F91485-D421-4A61-9449-E0B47777F8B3}.Debug|Any CPU.ActiveCfg = Debug|Any CPU
		{35F91485-D421-4A61-9449-E0B47777F8B3}.Debug|Any CPU.Build.0 = Debug|Any CPU
		{35F91485-D421-4A61-9449-E0B47777F8B3}.Release|Any CPU.ActiveCfg = Release|Any CPU
		{35F91485-D421-4A61-9449-E0B47777F8B3}.Release|Any CPU.Build.0 = Release|Any CPU
		{F0AE173B-5BE4-404F-9138-D144A90913F6}.Debug|Any CPU.ActiveCfg = Debug|Any CPU
		{F0AE173B-5BE4-404F-9138-D144A90913F6}.Debug|Any CPU.Build.0 = Debug|Any CPU
		{F0AE173B-5BE4-404F-9138-D144A90913F6}.Release|Any CPU.ActiveCfg = Release|Any CPU
		{F0AE173B-5BE4-404F-9138-D144A90913F6}.Release|Any CPU.Build.0 = Release|Any CPU
		{0569022A-A042-4E1C-AB7D-6844B630D7B0}.Debug|Any CPU.ActiveCfg = Debug|Any CPU
		{0569022A-A042-4E1C-AB7D-6844B630D7B0}.Debug|Any CPU.Build.0 = Debug|Any CPU
		{0569022A-A042-4E1C-AB7D-6844B630D7B0}.Release|Any CPU.ActiveCfg = Release|Any CPU
		{0569022A-A042-4E1C-AB7D-6844B630D7B0}.Release|Any CPU.Build.0 = Release|Any CPU
		{4579B8C0-F6D8-406C-AB06-44330381276B}.Debug|Any CPU.ActiveCfg = Debug|Any CPU
		{4579B8C0-F6D8-406C-AB06-44330381276B}.Debug|Any CPU.Build.0 = Debug|Any CPU
		{4579B8C0-F6D8-406C-AB06-44330381276B}.Release|Any CPU.ActiveCfg = Release|Any CPU
		{4579B8C0-F6D8-406C-AB06-44330381276B}.Release|Any CPU.Build.0 = Release|Any CPU
		{72835E7E-BE45-4C3E-A197-D98F47179C7E}.Debug|Any CPU.ActiveCfg = Debug|Any CPU
		{72835E7E-BE45-4C3E-A197-D98F47179C7E}.Debug|Any CPU.Build.0 = Debug|Any CPU
		{72835E7E-BE45-4C3E-A197-D98F47179C7E}.Release|Any CPU.ActiveCfg = Release|Any CPU
		{72835E7E-BE45-4C3E-A197-D98F47179C7E}.Release|Any CPU.Build.0 = Release|Any CPU
		{209C132E-9015-4F41-A130-FE889E26CA7B}.Debug|Any CPU.ActiveCfg = Debug|Any CPU
		{209C132E-9015-4F41-A130-FE889E26CA7B}.Debug|Any CPU.Build.0 = Debug|Any CPU
		{209C132E-9015-4F41-A130-FE889E26CA7B}.Release|Any CPU.ActiveCfg = Release|Any CPU
		{209C132E-9015-4F41-A130-FE889E26CA7B}.Release|Any CPU.Build.0 = Release|Any CPU
		{3551F947-5C01-41B4-ADE6-29E7746338CB}.Debug|Any CPU.ActiveCfg = Debug|Any CPU
		{3551F947-5C01-41B4-ADE6-29E7746338CB}.Debug|Any CPU.Build.0 = Debug|Any CPU
		{3551F947-5C01-41B4-ADE6-29E7746338CB}.Release|Any CPU.ActiveCfg = Release|Any CPU
		{3551F947-5C01-41B4-ADE6-29E7746338CB}.Release|Any CPU.Build.0 = Release|Any CPU
		{9FB4738D-792F-4DD3-A830-17369BC24E04}.Debug|Any CPU.ActiveCfg = Debug|Any CPU
		{9FB4738D-792F-4DD3-A830-17369BC24E04}.Debug|Any CPU.Build.0 = Debug|Any CPU
		{9FB4738D-792F-4DD3-A830-17369BC24E04}.Release|Any CPU.ActiveCfg = Release|Any CPU
		{9FB4738D-792F-4DD3-A830-17369BC24E04}.Release|Any CPU.Build.0 = Release|Any CPU
		{EF4DF123-3D5E-4C68-A912-719279BAFA57}.Debug|Any CPU.ActiveCfg = Debug|Any CPU
		{EF4DF123-3D5E-4C68-A912-719279BAFA57}.Debug|Any CPU.Build.0 = Debug|Any CPU
		{EF4DF123-3D5E-4C68-A912-719279BAFA57}.Release|Any CPU.ActiveCfg = Release|Any CPU
		{EF4DF123-3D5E-4C68-A912-719279BAFA57}.Release|Any CPU.Build.0 = Release|Any CPU
		{80D077F0-2364-4EF2-BAD5-A84DB200B3B4}.Debug|Any CPU.ActiveCfg = Debug|Any CPU
		{80D077F0-2364-4EF2-BAD5-A84DB200B3B4}.Debug|Any CPU.Build.0 = Debug|Any CPU
		{80D077F0-2364-4EF2-BAD5-A84DB200B3B4}.Release|Any CPU.ActiveCfg = Release|Any CPU
		{80D077F0-2364-4EF2-BAD5-A84DB200B3B4}.Release|Any CPU.Build.0 = Release|Any CPU
		{AA2D0061-D58E-4CB5-8AB7-93F2835DC7CC}.Debug|Any CPU.ActiveCfg = Debug|Any CPU
		{AA2D0061-D58E-4CB5-8AB7-93F2835DC7CC}.Debug|Any CPU.Build.0 = Debug|Any CPU
		{AA2D0061-D58E-4CB5-8AB7-93F2835DC7CC}.Release|Any CPU.ActiveCfg = Release|Any CPU
		{AA2D0061-D58E-4CB5-8AB7-93F2835DC7CC}.Release|Any CPU.Build.0 = Release|Any CPU
		{1D753FA3-BD21-40E4-8108-63FA4010A242}.Debug|Any CPU.ActiveCfg = Debug|Any CPU
		{1D753FA3-BD21-40E4-8108-63FA4010A242}.Debug|Any CPU.Build.0 = Debug|Any CPU
		{1D753FA3-BD21-40E4-8108-63FA4010A242}.Release|Any CPU.ActiveCfg = Release|Any CPU
		{1D753FA3-BD21-40E4-8108-63FA4010A242}.Release|Any CPU.Build.0 = Release|Any CPU
		{B0B4152E-C55B-43F1-9821-994B1F599568}.Debug|Any CPU.ActiveCfg = Debug|Any CPU
		{B0B4152E-C55B-43F1-9821-994B1F599568}.Debug|Any CPU.Build.0 = Debug|Any CPU
		{B0B4152E-C55B-43F1-9821-994B1F599568}.Release|Any CPU.ActiveCfg = Release|Any CPU
		{B0B4152E-C55B-43F1-9821-994B1F599568}.Release|Any CPU.Build.0 = Release|Any CPU
		{260105AD-1608-4AA4-8777-E959B5CBB628}.Debug|Any CPU.ActiveCfg = Debug|Any CPU
		{260105AD-1608-4AA4-8777-E959B5CBB628}.Debug|Any CPU.Build.0 = Debug|Any CPU
		{260105AD-1608-4AA4-8777-E959B5CBB628}.Release|Any CPU.ActiveCfg = Release|Any CPU
		{260105AD-1608-4AA4-8777-E959B5CBB628}.Release|Any CPU.Build.0 = Release|Any CPU
	EndGlobalSection
	GlobalSection(SolutionProperties) = preSolution
		HideSolutionNode = FALSE
	EndGlobalSection
	GlobalSection(ExtensibilityGlobals) = postSolution
		SolutionGuid = {A4BEE7DE-9611-45D2-BE94-4BE3CAC0FC60}
	EndGlobalSection
EndGlobal
